
Microsoft Visual Studio Solution File, Format Version 12.00
# Visual Studio 15
VisualStudioVersion = 15.0.28307.757
MinimumVisualStudioVersion = 10.0.40219.1
Project("{FAE04EC0-301F-11D3-BF4B-00C04F79EFBC}") = "DataBaseSize", "DataBaseSize\DataBaseSize.csproj", "{AB0D08FD-CB25-4169-92BF-462903D79B2D}"
EndProject
Global
	GlobalSection(SolutionConfigurationPlatforms) = preSolution
		Debug|Any CPU = Debug|Any CPU
		Release|Any CPU = Release|Any CPU
	EndGlobalSection
	GlobalSection(ProjectConfigurationPlatforms) = postSolution
		{AB0D08FD-CB25-4169-92BF-462903D79B2D}.Debug|Any CPU.ActiveCfg = Debug|Any CPU
		{AB0D08FD-CB25-4169-92BF-462903D79B2D}.Debug|Any CPU.Build.0 = Debug|Any CPU
		{AB0D08FD-CB25-4169-92BF-462903D79B2D}.Release|Any CPU.ActiveCfg = Release|Any CPU
		{AB0D08FD-CB25-4169-92BF-462903D79B2D}.Release|Any CPU.Build.0 = Release|Any CPU
	EndGlobalSection
	GlobalSection(SolutionProperties) = preSolution
		HideSolutionNode = FALSE
	EndGlobalSection
	GlobalSection(ExtensibilityGlobals) = postSolution
		SolutionGuid = {385F2BB1-B494-48F0-8612-EC918AE3F02D}
	EndGlobalSection
EndGlobal
